
Microsoft Visual Studio Solution File, Format Version 12.00
# Visual Studio Version 16
VisualStudioVersion = 16.0.32630.194
MinimumVisualStudioVersion = 10.0.40219.1
Project("{FAE04EC0-301F-11D3-BF4B-00C04F79EFBC}") = "StokTakipOtomasyonu", "StokTakipOtomasyonu\StokTakipOtomasyonu.csproj", "{5D238CD3-B8FA-4074-84C3-58781096239A}"
EndProject
Global
	GlobalSection(SolutionConfigurationPlatforms) = preSolution
		Debug|Any CPU = Debug|Any CPU
		Release|Any CPU = Release|Any CPU
	EndGlobalSection
	GlobalSection(ProjectConfigurationPlatforms) = postSolution
		{5D238CD3-B8FA-4074-84C3-58781096239A}.Debug|Any CPU.ActiveCfg = Debug|Any CPU
		{5D238CD3-B8FA-4074-84C3-58781096239A}.Debug|Any CPU.Build.0 = Debug|Any CPU
		{5D238CD3-B8FA-4074-84C3-58781096239A}.Release|Any CPU.ActiveCfg = Release|Any CPU
		{5D238CD3-B8FA-4074-84C3-58781096239A}.Release|Any CPU.Build.0 = Release|Any CPU
	EndGlobalSection
	GlobalSection(SolutionProperties) = preSolution
		HideSolutionNode = FALSE
	EndGlobalSection
	GlobalSection(ExtensibilityGlobals) = postSolution
		SolutionGuid = {A18CF7B4-6432-4BF8-9FD8-4BDB04B3EA11}
	EndGlobalSection
EndGlobal
